<?xml version="1.0" encoding="utf-8"?>
<Project ToolsVersion="4.0" xmlns="http://schemas.microsoft.com/developer/msbuild/2003">
  <ItemGroup>
    <Filter Include="Source Files">
      <UniqueIdentifier>{4FC737F1-C7A5-4376-A066-2A32D752A2FF}</UniqueIdentifier>
      <Extensions>cpp;c;cc;cxx;def;odl;idl;hpj;bat;asm;asmx</Extensions>
    </Filter>
    <Filter Include="Header Files">
      <UniqueIdentifier>{93995380-89BD-4b04-88EB-625FBE52EBFB}</UniqueIdentifier>
      <Extensions>h;hh;hpp;hxx;hm;inl;inc;ipp;xsd</Extensions>
    </Filter>
    <Filter Include="Resource Files">
      <UniqueIdentifier>{67DA6AB6-F800-4c08-8B7A-83BB121AAD01}</UniqueIdentifier>
      <Extensions>rc;ico;cur;bmp;dlg;rc2;rct;bin;rgs;gif;jpg;jpeg;jpe;resx;tiff;tif;png;wav;mfcribbon-ms</Extensions>
    </Filter>
    <Filter Include="Source Files\OrbisLib">
      <UniqueIdentifier>{1ca25c76-a361-4eee-81f1-7a76a88650d1}</UniqueIdentifier>
    </Filter>
    <Filter Include="Header Files\OrbisLib">
      <UniqueIdentifier>{fd1429b7-533a-462d-8181-375b55d6afc9}</UniqueIdentifier>
    </Filter>
    <Filter Include="Header Files\Util">
      <UniqueIdentifier>{259ce1f5-cc50-45a1-9638-1a518ef53c03}</UniqueIdentifier>
    </Filter>
    <Filter Include="Source Files\Util">
      <UniqueIdentifier>{6f1912ed-eefb-42ce-abef-bec1fe250b94}</UniqueIdentifier>
    </Filter>
    <Filter Include="Header Files\sqlite3">
      <UniqueIdentifier>{431edc8a-1d65-4c9a-b438-ef1f49508c0f}</UniqueIdentifier>
    </Filter>
    <Filter Include="Source Files\sqlite3">
      <UniqueIdentifier>{f029a3d0-4b5b-4cb0-9be5-7deb0f35876a}</UniqueIdentifier>
    </Filter>
  </ItemGroup>
  <ItemGroup>
    <ClInclude Include="OrbisLib.hpp">
      <Filter>Header Files\OrbisLib</Filter>
    </ClInclude>
    <ClInclude Include="OrbisDef.hpp">
      <Filter>Header Files\OrbisLib</Filter>
    </ClInclude>
    <ClInclude Include="Sockets.hpp">
      <Filter>Header Files\Util</Filter>
    </ClInclude>
    <ClInclude Include="Utilities.hpp">
      <Filter>Header Files\Util</Filter>
    </ClInclude>
    <ClInclude Include="stdafx.hpp">
      <Filter>Header Files</Filter>
    </ClInclude>
    <ClInclude Include="sqlite3.h">
      <Filter>Header Files\sqlite3</Filter>
    </ClInclude>
    <ClInclude Include="OrbisProc.hpp">
      <Filter>Header Files\OrbisLib</Filter>
    </ClInclude>
    <ClInclude Include="OrbisTarget.hpp">
      <Filter>Header Files\OrbisLib</Filter>
    </ClInclude>
    <ClInclude Include="OrbisDebugger.hpp">
      <Filter>Header Files\OrbisLib</Filter>
    </ClInclude>
    <ClInclude Include="SocketListener.hpp">
      <Filter>Header Files\Util</Filter>
    </ClInclude>
    <ClInclude Include="OrbisService.hpp">
      <Filter>Header Files\OrbisLib</Filter>
    </ClInclude>
    <ClInclude Include="Export.hpp">
      <Filter>Header Files\Util</Filter>
    </ClInclude>
    <ClInclude Include="OrbisAPI.hpp">
      <Filter>Header Files\OrbisLib</Filter>
    </ClInclude>
    <ClInclude Include="OrbisTargetManagement.hpp">
      <Filter>Header Files\OrbisLib</Filter>
    </ClInclude>
    <ClInclude Include="OrbisSettings.hpp">
      <Filter>Header Files\OrbisLib</Filter>
    </ClInclude>
    <ClInclude Include="FileIO.hpp">
      <Filter>Header Files\Util</Filter>
    </ClInclude>
  </ItemGroup>
  <ItemGroup>
    <ClCompile Include="stdafx.cpp">
      <Filter>Source Files</Filter>
    </ClCompile>
    <ClCompile Include="dllmain.cpp">
      <Filter>Source Files</Filter>
    </ClCompile>
    <ClCompile Include="OrbisLib.cpp">
      <Filter>Source Files\OrbisLib</Filter>
    </ClCompile>
    <ClCompile Include="Utilities.cpp">
      <Filter>Source Files\Util</Filter>
    </ClCompile>
    <ClCompile Include="Sockets.cpp">
      <Filter>Source Files\Util</Filter>
    </ClCompile>
    <ClCompile Include="sqlite3.c">
      <Filter>Source Files\sqlite3</Filter>
    </ClCompile>
    <ClCompile Include="OrbisProc.cpp">
      <Filter>Source Files\OrbisLib</Filter>
    </ClCompile>
    <ClCompile Include="OrbisTarget.cpp">
      <Filter>Source Files\OrbisLib</Filter>
    </ClCompile>
    <ClCompile Include="OrbisDebugger.cpp">
      <Filter>Source Files\OrbisLib</Filter>
    </ClCompile>
    <ClCompile Include="SocketListener.cpp">
      <Filter>Source Files\Util</Filter>
    </ClCompile>
    <ClCompile Include="OrbisService.cpp">
      <Filter>Source Files\OrbisLib</Filter>
    </ClCompile>
    <ClCompile Include="OrbisAPI.cpp">
      <Filter>Source Files\OrbisLib</Filter>
    </ClCompile>
    <ClCompile Include="OrbisDef.cpp">
      <Filter>Source Files\OrbisLib</Filter>
    </ClCompile>
    <ClCompile Include="OrbisTargetManagement.cpp">
      <Filter>Source Files\OrbisLib</Filter>
    </ClCompile>
    <ClCompile Include="OrbisSettings.cpp">
      <Filter>Source Files\OrbisLib</Filter>
    </ClCompile>
    <ClCompile Include="FileIO.cpp">
      <Filter>Source Files\Util</Filter>
    </ClCompile>
  </ItemGroup>
</Project>