
Microsoft Visual Studio Solution File, Format Version 12.00
# Visual Studio 15
VisualStudioVersion = 15.0.28307.106
MinimumVisualStudioVersion = 10.0.40219.1
Project("{2150E333-8FDC-42A3-9474-1A3956D46DE8}") = "Scripts", "Scripts", "{42E7AA2F-5A0D-456B-985B-0A0467C3803D}"
	ProjectSection(SolutionItems) = preProject
		Scripts\make_fself.py = Scripts\make_fself.py
	EndProjectSection
EndProject
Project("{2150E333-8FDC-42A3-9474-1A3956D46DE8}") = "Libraries", "Libraries", "{015A9F61-2B4D-4A42-8636-0837AF74C9F9}"
EndProject
Project("{2150E333-8FDC-42A3-9474-1A3956D46DE8}") = "Executables", "Executables", "{15B76FEA-46B5-4403-BAAA-3B8D1E6AEE89}"
EndProject
Project("{FAE04EC0-301F-11D3-BF4B-00C04F79EFBC}") = "OrbisNeighborhood", "Executables\OrbisNeighborhood\OrbisNeighborhood.csproj", "{E2CECFD9-CE2A-44FA-95C6-8DF68F1E3D70}"
	ProjectSection(ProjectDependencies) = postProject
		{D0D0036E-990F-4C2B-B95E-97882208E6B8} = {D0D0036E-990F-4C2B-B95E-97882208E6B8}
	EndProjectSection
EndProject
Project("{FAE04EC0-301F-11D3-BF4B-00C04F79EFBC}") = "OrbisTaskbarApp", "Executables\OrbisTaskbarApp\OrbisTaskbarApp.csproj", "{7EA604BB-D40A-481D-88F6-0AFA78D41494}"
EndProject
Project("{2150E333-8FDC-42A3-9474-1A3956D46DE8}") = "Installer", "Installer", "{0396DA44-6B45-4FF2-9F69-50688EBC2FFD}"
EndProject
Project("{930C7802-8A8C-48F9-8165-68863BCCD9DD}") = "Orbis Suite Installer", "Orbis Suite Installer\Orbis Suite Installer.wixproj", "{FEE34133-3D96-4F46-90A1-FDE97CA41122}"
EndProject
Project("{FAE04EC0-301F-11D3-BF4B-00C04F79EFBC}") = "OrbisLib", "Libraries\OrbisLib\OrbisLib.csproj", "{D0D0036E-990F-4C2B-B95E-97882208E6B8}"
	ProjectSection(ProjectDependencies) = postProject
		{4F776AAC-2760-435F-B4BF-758776426FA7} = {4F776AAC-2760-435F-B4BF-758776426FA7}
	EndProjectSection
EndProject
Project("{8BC9CEB8-8B4A-11D0-8D11-00A0C91BC942}") = "OrbisLibCPP", "Libraries\OrbisLibCPP\OrbisLibCPP.vcxproj", "{4F776AAC-2760-435F-B4BF-758776426FA7}"
EndProject
Project("{8BC9CEB8-8B4A-11D0-8D11-00A0C91BC942}") = "OrbisWindowsServiceLib", "Libraries\OrbisWindowsServiceLib\OrbisWindowsServiceLib.vcxproj", "{5EA1C774-A532-48A8-A9A2-49130403E110}"
	ProjectSection(ProjectDependencies) = postProject
		{4F776AAC-2760-435F-B4BF-758776426FA7} = {4F776AAC-2760-435F-B4BF-758776426FA7}
	EndProjectSection
EndProject
Project("{FAE04EC0-301F-11D3-BF4B-00C04F79EFBC}") = "OrbisModuleManager", "Executables\OrbisModuleManager\OrbisModuleManager.csproj", "{79D33888-7808-4AD5-A66E-9FB93F1ECD87}"
	ProjectSection(ProjectDependencies) = postProject
		{D0D0036E-990F-4C2B-B95E-97882208E6B8} = {D0D0036E-990F-4C2B-B95E-97882208E6B8}
		{4F776AAC-2760-435F-B4BF-758776426FA7} = {4F776AAC-2760-435F-B4BF-758776426FA7}
	EndProjectSection
EndProject
Project("{FAE04EC0-301F-11D3-BF4B-00C04F79EFBC}") = "OrbisTargetSettings", "Executables\OrbisTargetSettings\OrbisTargetSettings.csproj", "{0EE2E9AE-380E-49CC-BC61-54AA213B710B}"
	ProjectSection(ProjectDependencies) = postProject
		{D0D0036E-990F-4C2B-B95E-97882208E6B8} = {D0D0036E-990F-4C2B-B95E-97882208E6B8}
		{4F776AAC-2760-435F-B4BF-758776426FA7} = {4F776AAC-2760-435F-B4BF-758776426FA7}
	EndProjectSection
EndProject
Project("{FAE04EC0-301F-11D3-BF4B-00C04F79EFBC}") = "OrbisSuiteService", "Executables\OrbisSuiteService\OrbisSuiteService.csproj", "{6DEFC1D4-A4AE-4164-AF79-26E76CC34AC8}"
	ProjectSection(ProjectDependencies) = postProject
		{5EA1C774-A532-48A8-A9A2-49130403E110} = {5EA1C774-A532-48A8-A9A2-49130403E110}
		{4F776AAC-2760-435F-B4BF-758776426FA7} = {4F776AAC-2760-435F-B4BF-758776426FA7}
	EndProjectSection
EndProject
Project("{FAE04EC0-301F-11D3-BF4B-00C04F79EFBC}") = "OrbisConsoleOutput", "Executables\OrbisConsoleOutput\OrbisConsoleOutput.csproj", "{83582495-955D-4F38-A9CC-EF1004DD1FF7}"
EndProject
Project("{FAE04EC0-301F-11D3-BF4B-00C04F79EFBC}") = "OrbisSPRXHelper", "Executables\OrbisSPRXHelper\OrbisSPRXHelper.csproj", "{825C49FD-A1B6-49D9-B411-DF9DC0D86935}"
	ProjectSection(ProjectDependencies) = postProject
		{D0D0036E-990F-4C2B-B95E-97882208E6B8} = {D0D0036E-990F-4C2B-B95E-97882208E6B8}
		{4F776AAC-2760-435F-B4BF-758776426FA7} = {4F776AAC-2760-435F-B4BF-758776426FA7}
	EndProjectSection
EndProject
Project("{FAE04EC0-301F-11D3-BF4B-00C04F79EFBC}") = "OrbisDebugger", "Executables\OrbisDebugger\OrbisDebugger.csproj", "{54A3549B-A20C-4879-BE26-6071E0BF6AA3}"
EndProject
Global
	GlobalSection(SolutionConfigurationPlatforms) = preSolution
		Debug|Any CPU = Debug|Any CPU
		Debug|x64 = Debug|x64
		Debug|x86 = Debug|x86
		Release|Any CPU = Release|Any CPU
		Release|x64 = Release|x64
		Release|x86 = Release|x86
		Service|Any CPU = Service|Any CPU
		Service|x64 = Service|x64
		Service|x86 = Service|x86
	EndGlobalSection
	GlobalSection(ProjectConfigurationPlatforms) = postSolution
		{E2CECFD9-CE2A-44FA-95C6-8DF68F1E3D70}.Debug|Any CPU.ActiveCfg = Debug|Any CPU
		{E2CECFD9-CE2A-44FA-95C6-8DF68F1E3D70}.Debug|Any CPU.Build.0 = Debug|Any CPU
		{E2CECFD9-CE2A-44FA-95C6-8DF68F1E3D70}.Debug|x64.ActiveCfg = Debug|x64
		{E2CECFD9-CE2A-44FA-95C6-8DF68F1E3D70}.Debug|x64.Build.0 = Debug|x64
		{E2CECFD9-CE2A-44FA-95C6-8DF68F1E3D70}.Debug|x86.ActiveCfg = Debug|Any CPU
		{E2CECFD9-CE2A-44FA-95C6-8DF68F1E3D70}.Debug|x86.Build.0 = Debug|Any CPU
		{E2CECFD9-CE2A-44FA-95C6-8DF68F1E3D70}.Release|Any CPU.ActiveCfg = Release|Any CPU
		{E2CECFD9-CE2A-44FA-95C6-8DF68F1E3D70}.Release|Any CPU.Build.0 = Release|Any CPU
		{E2CECFD9-CE2A-44FA-95C6-8DF68F1E3D70}.Release|x64.ActiveCfg = Release|x64
		{E2CECFD9-CE2A-44FA-95C6-8DF68F1E3D70}.Release|x64.Build.0 = Release|x64
		{E2CECFD9-CE2A-44FA-95C6-8DF68F1E3D70}.Release|x86.ActiveCfg = Release|Any CPU
		{E2CECFD9-CE2A-44FA-95C6-8DF68F1E3D70}.Release|x86.Build.0 = Release|Any CPU
		{E2CECFD9-CE2A-44FA-95C6-8DF68F1E3D70}.Service|Any CPU.ActiveCfg = Service|Any CPU
		{E2CECFD9-CE2A-44FA-95C6-8DF68F1E3D70}.Service|Any CPU.Build.0 = Service|Any CPU
		{E2CECFD9-CE2A-44FA-95C6-8DF68F1E3D70}.Service|x64.ActiveCfg = Service|Any CPU
		{E2CECFD9-CE2A-44FA-95C6-8DF68F1E3D70}.Service|x86.ActiveCfg = Service|Any CPU
		{E2CECFD9-CE2A-44FA-95C6-8DF68F1E3D70}.Service|x86.Build.0 = Service|Any CPU
		{7EA604BB-D40A-481D-88F6-0AFA78D41494}.Debug|Any CPU.ActiveCfg = Debug|Any CPU
		{7EA604BB-D40A-481D-88F6-0AFA78D41494}.Debug|Any CPU.Build.0 = Debug|Any CPU
		{7EA604BB-D40A-481D-88F6-0AFA78D41494}.Debug|x64.ActiveCfg = Debug|x64
		{7EA604BB-D40A-481D-88F6-0AFA78D41494}.Debug|x64.Build.0 = Debug|x64
		{7EA604BB-D40A-481D-88F6-0AFA78D41494}.Debug|x86.ActiveCfg = Debug|Any CPU
		{7EA604BB-D40A-481D-88F6-0AFA78D41494}.Debug|x86.Build.0 = Debug|Any CPU
		{7EA604BB-D40A-481D-88F6-0AFA78D41494}.Release|Any CPU.ActiveCfg = Release|Any CPU
		{7EA604BB-D40A-481D-88F6-0AFA78D41494}.Release|Any CPU.Build.0 = Release|Any CPU
		{7EA604BB-D40A-481D-88F6-0AFA78D41494}.Release|x64.ActiveCfg = Release|x64
		{7EA604BB-D40A-481D-88F6-0AFA78D41494}.Release|x64.Build.0 = Release|x64
		{7EA604BB-D40A-481D-88F6-0AFA78D41494}.Release|x86.ActiveCfg = Release|Any CPU
		{7EA604BB-D40A-481D-88F6-0AFA78D41494}.Release|x86.Build.0 = Release|Any CPU
		{7EA604BB-D40A-481D-88F6-0AFA78D41494}.Service|Any CPU.ActiveCfg = Service|Any CPU
		{7EA604BB-D40A-481D-88F6-0AFA78D41494}.Service|Any CPU.Build.0 = Service|Any CPU
		{7EA604BB-D40A-481D-88F6-0AFA78D41494}.Service|x64.ActiveCfg = Service|Any CPU
		{7EA604BB-D40A-481D-88F6-0AFA78D41494}.Service|x86.ActiveCfg = Service|Any CPU
		{7EA604BB-D40A-481D-88F6-0AFA78D41494}.Service|x86.Build.0 = Service|Any CPU
		{FEE34133-3D96-4F46-90A1-FDE97CA41122}.Debug|Any CPU.ActiveCfg = Debug|x86
		{FEE34133-3D96-4F46-90A1-FDE97CA41122}.Debug|x64.ActiveCfg = Debug|x64
		{FEE34133-3D96-4F46-90A1-FDE97CA41122}.Debug|x86.ActiveCfg = Debug|x86
		{FEE34133-3D96-4F46-90A1-FDE97CA41122}.Debug|x86.Build.0 = Debug|x86
		{FEE34133-3D96-4F46-90A1-FDE97CA41122}.Release|Any CPU.ActiveCfg = Release|x86
		{FEE34133-3D96-4F46-90A1-FDE97CA41122}.Release|x64.ActiveCfg = Release|x64
		{FEE34133-3D96-4F46-90A1-FDE97CA41122}.Release|x86.ActiveCfg = Release|x86
		{FEE34133-3D96-4F46-90A1-FDE97CA41122}.Release|x86.Build.0 = Release|x86
		{FEE34133-3D96-4F46-90A1-FDE97CA41122}.Service|Any CPU.ActiveCfg = Release|x86
		{FEE34133-3D96-4F46-90A1-FDE97CA41122}.Service|Any CPU.Build.0 = Release|x86
		{FEE34133-3D96-4F46-90A1-FDE97CA41122}.Service|x64.ActiveCfg = Release|x86
		{FEE34133-3D96-4F46-90A1-FDE97CA41122}.Service|x86.ActiveCfg = Release|x86
		{FEE34133-3D96-4F46-90A1-FDE97CA41122}.Service|x86.Build.0 = Release|x86
		{D0D0036E-990F-4C2B-B95E-97882208E6B8}.Debug|Any CPU.ActiveCfg = Debug|Any CPU
		{D0D0036E-990F-4C2B-B95E-97882208E6B8}.Debug|Any CPU.Build.0 = Debug|Any CPU
		{D0D0036E-990F-4C2B-B95E-97882208E6B8}.Debug|x64.ActiveCfg = Debug|x64
		{D0D0036E-990F-4C2B-B95E-97882208E6B8}.Debug|x64.Build.0 = Debug|x64
		{D0D0036E-990F-4C2B-B95E-97882208E6B8}.Debug|x86.ActiveCfg = Debug|Any CPU
		{D0D0036E-990F-4C2B-B95E-97882208E6B8}.Debug|x86.Build.0 = Debug|Any CPU
		{D0D0036E-990F-4C2B-B95E-97882208E6B8}.Release|Any CPU.ActiveCfg = Release|Any CPU
		{D0D0036E-990F-4C2B-B95E-97882208E6B8}.Release|Any CPU.Build.0 = Release|Any CPU
		{D0D0036E-990F-4C2B-B95E-97882208E6B8}.Release|x64.ActiveCfg = Release|x64
		{D0D0036E-990F-4C2B-B95E-97882208E6B8}.Release|x64.Build.0 = Release|x64
		{D0D0036E-990F-4C2B-B95E-97882208E6B8}.Release|x86.ActiveCfg = Release|Any CPU
		{D0D0036E-990F-4C2B-B95E-97882208E6B8}.Release|x86.Build.0 = Release|Any CPU
		{D0D0036E-990F-4C2B-B95E-97882208E6B8}.Service|Any CPU.ActiveCfg = Service|Any CPU
		{D0D0036E-990F-4C2B-B95E-97882208E6B8}.Service|Any CPU.Build.0 = Service|Any CPU
		{D0D0036E-990F-4C2B-B95E-97882208E6B8}.Service|x64.ActiveCfg = Service|Any CPU
		{D0D0036E-990F-4C2B-B95E-97882208E6B8}.Service|x86.ActiveCfg = Service|Any CPU
		{D0D0036E-990F-4C2B-B95E-97882208E6B8}.Service|x86.Build.0 = Service|Any CPU
		{4F776AAC-2760-435F-B4BF-758776426FA7}.Debug|Any CPU.ActiveCfg = Debug|Win32
		{4F776AAC-2760-435F-B4BF-758776426FA7}.Debug|x64.ActiveCfg = Debug|x64
		{4F776AAC-2760-435F-B4BF-758776426FA7}.Debug|x64.Build.0 = Debug|x64
		{4F776AAC-2760-435F-B4BF-758776426FA7}.Debug|x86.ActiveCfg = Debug|Win32
		{4F776AAC-2760-435F-B4BF-758776426FA7}.Debug|x86.Build.0 = Debug|Win32
		{4F776AAC-2760-435F-B4BF-758776426FA7}.Release|Any CPU.ActiveCfg = Release|Win32
		{4F776AAC-2760-435F-B4BF-758776426FA7}.Release|x64.ActiveCfg = Release|x64
		{4F776AAC-2760-435F-B4BF-758776426FA7}.Release|x64.Build.0 = Release|x64
		{4F776AAC-2760-435F-B4BF-758776426FA7}.Release|x86.ActiveCfg = Release|Win32
		{4F776AAC-2760-435F-B4BF-758776426FA7}.Release|x86.Build.0 = Release|Win32
		{4F776AAC-2760-435F-B4BF-758776426FA7}.Service|Any CPU.ActiveCfg = Service|Win32
		{4F776AAC-2760-435F-B4BF-758776426FA7}.Service|x64.ActiveCfg = Service|x64
		{4F776AAC-2760-435F-B4BF-758776426FA7}.Service|x86.ActiveCfg = Service|Win32
		{4F776AAC-2760-435F-B4BF-758776426FA7}.Service|x86.Build.0 = Service|Win32
		{5EA1C774-A532-48A8-A9A2-49130403E110}.Debug|Any CPU.ActiveCfg = Debug|Win32
		{5EA1C774-A532-48A8-A9A2-49130403E110}.Debug|x64.ActiveCfg = Debug|x64
		{5EA1C774-A532-48A8-A9A2-49130403E110}.Debug|x64.Build.0 = Debug|x64
		{5EA1C774-A532-48A8-A9A2-49130403E110}.Debug|x86.ActiveCfg = Debug|Win32
		{5EA1C774-A532-48A8-A9A2-49130403E110}.Debug|x86.Build.0 = Debug|Win32
		{5EA1C774-A532-48A8-A9A2-49130403E110}.Release|Any CPU.ActiveCfg = Release|Win32
		{5EA1C774-A532-48A8-A9A2-49130403E110}.Release|x64.ActiveCfg = Release|x64
		{5EA1C774-A532-48A8-A9A2-49130403E110}.Release|x64.Build.0 = Release|x64
		{5EA1C774-A532-48A8-A9A2-49130403E110}.Release|x86.ActiveCfg = Release|Win32
		{5EA1C774-A532-48A8-A9A2-49130403E110}.Release|x86.Build.0 = Release|Win32
		{5EA1C774-A532-48A8-A9A2-49130403E110}.Service|Any CPU.ActiveCfg = Service|Win32
		{5EA1C774-A532-48A8-A9A2-49130403E110}.Service|x64.ActiveCfg = Service|x64
		{5EA1C774-A532-48A8-A9A2-49130403E110}.Service|x64.Build.0 = Service|x64
		{5EA1C774-A532-48A8-A9A2-49130403E110}.Service|x86.ActiveCfg = Service|Win32
		{5EA1C774-A532-48A8-A9A2-49130403E110}.Service|x86.Build.0 = Service|Win32
		{79D33888-7808-4AD5-A66E-9FB93F1ECD87}.Debug|Any CPU.ActiveCfg = Debug|Any CPU
		{79D33888-7808-4AD5-A66E-9FB93F1ECD87}.Debug|Any CPU.Build.0 = Debug|Any CPU
		{79D33888-7808-4AD5-A66E-9FB93F1ECD87}.Debug|x64.ActiveCfg = Debug|x64
		{79D33888-7808-4AD5-A66E-9FB93F1ECD87}.Debug|x64.Build.0 = Debug|x64
		{79D33888-7808-4AD5-A66E-9FB93F1ECD87}.Debug|x86.ActiveCfg = Debug|Any CPU
		{79D33888-7808-4AD5-A66E-9FB93F1ECD87}.Debug|x86.Build.0 = Debug|Any CPU
		{79D33888-7808-4AD5-A66E-9FB93F1ECD87}.Release|Any CPU.ActiveCfg = Release|Any CPU
		{79D33888-7808-4AD5-A66E-9FB93F1ECD87}.Release|Any CPU.Build.0 = Release|Any CPU
		{79D33888-7808-4AD5-A66E-9FB93F1ECD87}.Release|x64.ActiveCfg = Release|x64
		{79D33888-7808-4AD5-A66E-9FB93F1ECD87}.Release|x64.Build.0 = Release|x64
		{79D33888-7808-4AD5-A66E-9FB93F1ECD87}.Release|x86.ActiveCfg = Release|Any CPU
		{79D33888-7808-4AD5-A66E-9FB93F1ECD87}.Release|x86.Build.0 = Release|Any CPU
		{79D33888-7808-4AD5-A66E-9FB93F1ECD87}.Service|Any CPU.ActiveCfg = Release|Any CPU
		{79D33888-7808-4AD5-A66E-9FB93F1ECD87}.Service|Any CPU.Build.0 = Release|Any CPU
		{79D33888-7808-4AD5-A66E-9FB93F1ECD87}.Service|x64.ActiveCfg = Release|Any CPU
		{79D33888-7808-4AD5-A66E-9FB93F1ECD87}.Service|x64.Build.0 = Release|Any CPU
		{79D33888-7808-4AD5-A66E-9FB93F1ECD87}.Service|x86.ActiveCfg = Release|Any CPU
		{79D33888-7808-4AD5-A66E-9FB93F1ECD87}.Service|x86.Build.0 = Release|Any CPU
		{0EE2E9AE-380E-49CC-BC61-54AA213B710B}.Debug|Any CPU.ActiveCfg = Debug|Any CPU
		{0EE2E9AE-380E-49CC-BC61-54AA213B710B}.Debug|Any CPU.Build.0 = Debug|Any CPU
		{0EE2E9AE-380E-49CC-BC61-54AA213B710B}.Debug|x64.ActiveCfg = Debug|x64
		{0EE2E9AE-380E-49CC-BC61-54AA213B710B}.Debug|x64.Build.0 = Debug|x64
		{0EE2E9AE-380E-49CC-BC61-54AA213B710B}.Debug|x86.ActiveCfg = Debug|Any CPU
		{0EE2E9AE-380E-49CC-BC61-54AA213B710B}.Debug|x86.Build.0 = Debug|Any CPU
		{0EE2E9AE-380E-49CC-BC61-54AA213B710B}.Release|Any CPU.ActiveCfg = Release|Any CPU
		{0EE2E9AE-380E-49CC-BC61-54AA213B710B}.Release|Any CPU.Build.0 = Release|Any CPU
		{0EE2E9AE-380E-49CC-BC61-54AA213B710B}.Release|x64.ActiveCfg = Release|x64
		{0EE2E9AE-380E-49CC-BC61-54AA213B710B}.Release|x64.Build.0 = Release|x64
		{0EE2E9AE-380E-49CC-BC61-54AA213B710B}.Release|x86.ActiveCfg = Release|Any CPU
		{0EE2E9AE-380E-49CC-BC61-54AA213B710B}.Release|x86.Build.0 = Release|Any CPU
		{0EE2E9AE-380E-49CC-BC61-54AA213B710B}.Service|Any CPU.ActiveCfg = Release|Any CPU
		{0EE2E9AE-380E-49CC-BC61-54AA213B710B}.Service|Any CPU.Build.0 = Release|Any CPU
		{0EE2E9AE-380E-49CC-BC61-54AA213B710B}.Service|x64.ActiveCfg = Release|Any CPU
		{0EE2E9AE-380E-49CC-BC61-54AA213B710B}.Service|x64.Build.0 = Release|Any CPU
		{0EE2E9AE-380E-49CC-BC61-54AA213B710B}.Service|x86.ActiveCfg = Release|Any CPU
		{0EE2E9AE-380E-49CC-BC61-54AA213B710B}.Service|x86.Build.0 = Release|Any CPU
		{6DEFC1D4-A4AE-4164-AF79-26E76CC34AC8}.Debug|Any CPU.ActiveCfg = Debug|Any CPU
		{6DEFC1D4-A4AE-4164-AF79-26E76CC34AC8}.Debug|Any CPU.Build.0 = Debug|Any CPU
		{6DEFC1D4-A4AE-4164-AF79-26E76CC34AC8}.Debug|x64.ActiveCfg = Debug|x64
		{6DEFC1D4-A4AE-4164-AF79-26E76CC34AC8}.Debug|x64.Build.0 = Debug|x64
		{6DEFC1D4-A4AE-4164-AF79-26E76CC34AC8}.Debug|x86.ActiveCfg = Debug|Any CPU
		{6DEFC1D4-A4AE-4164-AF79-26E76CC34AC8}.Debug|x86.Build.0 = Debug|Any CPU
		{6DEFC1D4-A4AE-4164-AF79-26E76CC34AC8}.Release|Any CPU.ActiveCfg = Release|Any CPU
		{6DEFC1D4-A4AE-4164-AF79-26E76CC34AC8}.Release|Any CPU.Build.0 = Release|Any CPU
		{6DEFC1D4-A4AE-4164-AF79-26E76CC34AC8}.Release|x64.ActiveCfg = Release|x64
		{6DEFC1D4-A4AE-4164-AF79-26E76CC34AC8}.Release|x64.Build.0 = Release|x64
		{6DEFC1D4-A4AE-4164-AF79-26E76CC34AC8}.Release|x86.ActiveCfg = Release|Any CPU
		{6DEFC1D4-A4AE-4164-AF79-26E76CC34AC8}.Release|x86.Build.0 = Release|Any CPU
		{6DEFC1D4-A4AE-4164-AF79-26E76CC34AC8}.Service|Any CPU.ActiveCfg = Release|Any CPU
		{6DEFC1D4-A4AE-4164-AF79-26E76CC34AC8}.Service|Any CPU.Build.0 = Release|Any CPU
		{6DEFC1D4-A4AE-4164-AF79-26E76CC34AC8}.Service|x64.ActiveCfg = Release|x64
		{6DEFC1D4-A4AE-4164-AF79-26E76CC34AC8}.Service|x64.Build.0 = Release|x64
		{6DEFC1D4-A4AE-4164-AF79-26E76CC34AC8}.Service|x86.ActiveCfg = Release|Any CPU
		{6DEFC1D4-A4AE-4164-AF79-26E76CC34AC8}.Service|x86.Build.0 = Release|Any CPU
		{83582495-955D-4F38-A9CC-EF1004DD1FF7}.Debug|Any CPU.ActiveCfg = Debug|Any CPU
		{83582495-955D-4F38-A9CC-EF1004DD1FF7}.Debug|Any CPU.Build.0 = Debug|Any CPU
		{83582495-955D-4F38-A9CC-EF1004DD1FF7}.Debug|x64.ActiveCfg = Debug|x64
		{83582495-955D-4F38-A9CC-EF1004DD1FF7}.Debug|x64.Build.0 = Debug|x64
		{83582495-955D-4F38-A9CC-EF1004DD1FF7}.Debug|x86.ActiveCfg = Debug|Any CPU
		{83582495-955D-4F38-A9CC-EF1004DD1FF7}.Debug|x86.Build.0 = Debug|Any CPU
		{83582495-955D-4F38-A9CC-EF1004DD1FF7}.Release|Any CPU.ActiveCfg = Release|Any CPU
		{83582495-955D-4F38-A9CC-EF1004DD1FF7}.Release|Any CPU.Build.0 = Release|Any CPU
		{83582495-955D-4F38-A9CC-EF1004DD1FF7}.Release|x64.ActiveCfg = Release|x64
		{83582495-955D-4F38-A9CC-EF1004DD1FF7}.Release|x64.Build.0 = Release|x64
		{83582495-955D-4F38-A9CC-EF1004DD1FF7}.Release|x86.ActiveCfg = Release|Any CPU
		{83582495-955D-4F38-A9CC-EF1004DD1FF7}.Release|x86.Build.0 = Release|Any CPU
		{83582495-955D-4F38-A9CC-EF1004DD1FF7}.Service|Any CPU.ActiveCfg = Release|Any CPU
		{83582495-955D-4F38-A9CC-EF1004DD1FF7}.Service|Any CPU.Build.0 = Release|Any CPU
		{83582495-955D-4F38-A9CC-EF1004DD1FF7}.Service|x64.ActiveCfg = Release|x64
		{83582495-955D-4F38-A9CC-EF1004DD1FF7}.Service|x64.Build.0 = Release|x64
		{83582495-955D-4F38-A9CC-EF1004DD1FF7}.Service|x86.ActiveCfg = Release|Any CPU
		{83582495-955D-4F38-A9CC-EF1004DD1FF7}.Service|x86.Build.0 = Release|Any CPU
		{825C49FD-A1B6-49D9-B411-DF9DC0D86935}.Debug|Any CPU.ActiveCfg = Debug|Any CPU
		{825C49FD-A1B6-49D9-B411-DF9DC0D86935}.Debug|Any CPU.Build.0 = Debug|Any CPU
		{825C49FD-A1B6-49D9-B411-DF9DC0D86935}.Debug|x64.ActiveCfg = Debug|x64
		{825C49FD-A1B6-49D9-B411-DF9DC0D86935}.Debug|x64.Build.0 = Debug|x64
		{825C49FD-A1B6-49D9-B411-DF9DC0D86935}.Debug|x86.ActiveCfg = Debug|Any CPU
		{825C49FD-A1B6-49D9-B411-DF9DC0D86935}.Debug|x86.Build.0 = Debug|Any CPU
		{825C49FD-A1B6-49D9-B411-DF9DC0D86935}.Release|Any CPU.ActiveCfg = Release|Any CPU
		{825C49FD-A1B6-49D9-B411-DF9DC0D86935}.Release|Any CPU.Build.0 = Release|Any CPU
		{825C49FD-A1B6-49D9-B411-DF9DC0D86935}.Release|x64.ActiveCfg = Release|x64
		{825C49FD-A1B6-49D9-B411-DF9DC0D86935}.Release|x64.Build.0 = Release|x64
		{825C49FD-A1B6-49D9-B411-DF9DC0D86935}.Release|x86.ActiveCfg = Release|Any CPU
		{825C49FD-A1B6-49D9-B411-DF9DC0D86935}.Release|x86.Build.0 = Release|Any CPU
		{825C49FD-A1B6-49D9-B411-DF9DC0D86935}.Service|Any CPU.ActiveCfg = Release|Any CPU
		{825C49FD-A1B6-49D9-B411-DF9DC0D86935}.Service|Any CPU.Build.0 = Release|Any CPU
		{825C49FD-A1B6-49D9-B411-DF9DC0D86935}.Service|x64.ActiveCfg = Release|Any CPU
		{825C49FD-A1B6-49D9-B411-DF9DC0D86935}.Service|x64.Build.0 = Release|Any CPU
		{825C49FD-A1B6-49D9-B411-DF9DC0D86935}.Service|x86.ActiveCfg = Release|Any CPU
		{825C49FD-A1B6-49D9-B411-DF9DC0D86935}.Service|x86.Build.0 = Release|Any CPU
		{54A3549B-A20C-4879-BE26-6071E0BF6AA3}.Debug|Any CPU.ActiveCfg = Debug|Any CPU
		{54A3549B-A20C-4879-BE26-6071E0BF6AA3}.Debug|Any CPU.Build.0 = Debug|Any CPU
		{54A3549B-A20C-4879-BE26-6071E0BF6AA3}.Debug|x64.ActiveCfg = Debug|x64
		{54A3549B-A20C-4879-BE26-6071E0BF6AA3}.Debug|x64.Build.0 = Debug|x64
		{54A3549B-A20C-4879-BE26-6071E0BF6AA3}.Debug|x86.ActiveCfg = Debug|Any CPU
		{54A3549B-A20C-4879-BE26-6071E0BF6AA3}.Debug|x86.Build.0 = Debug|Any CPU
		{54A3549B-A20C-4879-BE26-6071E0BF6AA3}.Release|Any CPU.ActiveCfg = Release|Any CPU
		{54A3549B-A20C-4879-BE26-6071E0BF6AA3}.Release|Any CPU.Build.0 = Release|Any CPU
		{54A3549B-A20C-4879-BE26-6071E0BF6AA3}.Release|x64.ActiveCfg = Release|x64
		{54A3549B-A20C-4879-BE26-6071E0BF6AA3}.Release|x64.Build.0 = Release|x64
		{54A3549B-A20C-4879-BE26-6071E0BF6AA3}.Release|x86.ActiveCfg = Release|Any CPU
		{54A3549B-A20C-4879-BE26-6071E0BF6AA3}.Release|x86.Build.0 = Release|Any CPU
		{54A3549B-A20C-4879-BE26-6071E0BF6AA3}.Service|Any CPU.ActiveCfg = Release|Any CPU
		{54A3549B-A20C-4879-BE26-6071E0BF6AA3}.Service|Any CPU.Build.0 = Release|Any CPU
		{54A3549B-A20C-4879-BE26-6071E0BF6AA3}.Service|x64.ActiveCfg = Release|x64
		{54A3549B-A20C-4879-BE26-6071E0BF6AA3}.Service|x64.Build.0 = Release|x64
		{54A3549B-A20C-4879-BE26-6071E0BF6AA3}.Service|x86.ActiveCfg = Release|Any CPU
		{54A3549B-A20C-4879-BE26-6071E0BF6AA3}.Service|x86.Build.0 = Release|Any CPU
	EndGlobalSection
	GlobalSection(SolutionProperties) = preSolution
		HideSolutionNode = FALSE
	EndGlobalSection
	GlobalSection(NestedProjects) = preSolution
		{E2CECFD9-CE2A-44FA-95C6-8DF68F1E3D70} = {15B76FEA-46B5-4403-BAAA-3B8D1E6AEE89}
		{7EA604BB-D40A-481D-88F6-0AFA78D41494} = {15B76FEA-46B5-4403-BAAA-3B8D1E6AEE89}
		{FEE34133-3D96-4F46-90A1-FDE97CA41122} = {0396DA44-6B45-4FF2-9F69-50688EBC2FFD}
		{D0D0036E-990F-4C2B-B95E-97882208E6B8} = {015A9F61-2B4D-4A42-8636-0837AF74C9F9}
		{4F776AAC-2760-435F-B4BF-758776426FA7} = {015A9F61-2B4D-4A42-8636-0837AF74C9F9}
		{5EA1C774-A532-48A8-A9A2-49130403E110} = {015A9F61-2B4D-4A42-8636-0837AF74C9F9}
		{79D33888-7808-4AD5-A66E-9FB93F1ECD87} = {15B76FEA-46B5-4403-BAAA-3B8D1E6AEE89}
		{0EE2E9AE-380E-49CC-BC61-54AA213B710B} = {15B76FEA-46B5-4403-BAAA-3B8D1E6AEE89}
		{6DEFC1D4-A4AE-4164-AF79-26E76CC34AC8} = {15B76FEA-46B5-4403-BAAA-3B8D1E6AEE89}
		{83582495-955D-4F38-A9CC-EF1004DD1FF7} = {15B76FEA-46B5-4403-BAAA-3B8D1E6AEE89}
		{825C49FD-A1B6-49D9-B411-DF9DC0D86935} = {15B76FEA-46B5-4403-BAAA-3B8D1E6AEE89}
		{54A3549B-A20C-4879-BE26-6071E0BF6AA3} = {15B76FEA-46B5-4403-BAAA-3B8D1E6AEE89}
	EndGlobalSection
	GlobalSection(ExtensibilityGlobals) = postSolution
		SolutionGuid = {399E3CB4-57D1-4E7C-8F07-43FA23546C29}
	EndGlobalSection
EndGlobal
