
Microsoft Visual Studio Solution File, Format Version 12.00
# Visual Studio Version 17
VisualStudioVersion = 17.4.33213.308
MinimumVisualStudioVersion = 10.0.40219.1
Project("{2150E333-8FDC-42A3-9474-1A3956D46DE8}") = "Windows", "Windows", "{8F0E1457-FB1E-47A4-9DA8-74A6B757CAA4}"
EndProject
Project("{2150E333-8FDC-42A3-9474-1A3956D46DE8}") = "Libraries", "Libraries", "{72E29C1E-8723-4885-A5ED-BD3A929D81B6}"
EndProject
Project("{9A19103F-16F7-4668-BE54-9A1E7A4F7556}") = "OrbisNeighborHood", "Windows\OrbisNeighborHood\OrbisNeighborHood.csproj", "{81B068F7-776C-429F-BB7B-5563F75F1A39}"
EndProject
Project("{2150E333-8FDC-42A3-9474-1A3956D46DE8}") = "Installer", "Installer", "{6046C772-BE17-4BC8-A362-AD8C77F9178E}"
EndProject
Project("{9A19103F-16F7-4668-BE54-9A1E7A4F7556}") = "OrbisSuiteService", "Windows\OrbisSuiteService\OrbisSuiteService.csproj", "{D7CFB2D5-FAC2-42D5-ABA7-81CE762575EF}"
EndProject
Project("{930C7802-8A8C-48F9-8165-68863BCCD9DD}") = "BootstrapperSetup", "Windows\Installer\BootstrapperSetup\BootstrapperSetup.wixproj", "{0978D0B2-FFA5-42B2-81AC-0CFD85DE9184}"
	ProjectSection(ProjectDependencies) = postProject
		{33C378F9-36C5-4C2C-8350-FD1C8DD5AB66} = {33C378F9-36C5-4C2C-8350-FD1C8DD5AB66}
		{A37095E9-80BD-4A6B-AF8B-33D278CF92F3} = {A37095E9-80BD-4A6B-AF8B-33D278CF92F3}
	EndProjectSection
EndProject
Project("{930C7802-8A8C-48F9-8165-68863BCCD9DD}") = "DummyInstaller", "Windows\Installer\DummyInstaller\DummyInstaller.wixproj", "{A37095E9-80BD-4A6B-AF8B-33D278CF92F3}"
	ProjectSection(ProjectDependencies) = postProject
		{81B068F7-776C-429F-BB7B-5563F75F1A39} = {81B068F7-776C-429F-BB7B-5563F75F1A39}
		{D7CFB2D5-FAC2-42D5-ABA7-81CE762575EF} = {D7CFB2D5-FAC2-42D5-ABA7-81CE762575EF}
	EndProjectSection
EndProject
Project("{FAE04EC0-301F-11D3-BF4B-00C04F79EFBC}") = "SetupBA", "Windows\Installer\SetupBA\SetupBA.csproj", "{33C378F9-36C5-4C2C-8350-FD1C8DD5AB66}"
EndProject
Project("{9A19103F-16F7-4668-BE54-9A1E7A4F7556}") = "OrbisLibraryManager", "Windows\OrbisLibraryManager\OrbisLibraryManager.csproj", "{53869FE9-BAFF-4FED-B8E3-20660865426C}"
EndProject
Project("{9A19103F-16F7-4668-BE54-9A1E7A4F7556}") = "OrbisPeeknPoke", "Windows\OrbisPeeknPoke\OrbisPeeknPoke.csproj", "{90180080-9585-499C-99A8-6F4D1725CAF4}"
EndProject
Project("{9A19103F-16F7-4668-BE54-9A1E7A4F7556}") = "OrbisDebugger", "Windows\OrbisDebugger\OrbisDebugger.csproj", "{844B2DDC-FF09-4DE0-8198-9A437F52C284}"
EndProject
Project("{9A19103F-16F7-4668-BE54-9A1E7A4F7556}") = "OrbisSuiteCore", "Windows\OrbisSuiteCore\OrbisSuiteCore.csproj", "{5089A08B-2E32-4E3E-9342-11CFBEC8A5E7}"
EndProject
Project("{9A19103F-16F7-4668-BE54-9A1E7A4F7556}") = "OrbisLib2", "Windows\OrbisLib\OrbisLib2.csproj", "{651F3171-1D5E-4BA2-8BC7-B057398CBA02}"
EndProject
Global
	GlobalSection(SolutionConfigurationPlatforms) = preSolution
		Debug|Any CPU = Debug|Any CPU
		Debug|ORBIS = Debug|ORBIS
		Debug|Win32 = Debug|Win32
		Debug|x64 = Debug|x64
		Debug|x86 = Debug|x86
		Release|Any CPU = Release|Any CPU
		Release|ORBIS = Release|ORBIS
		Release|Win32 = Release|Win32
		Release|x64 = Release|x64
		Release|x86 = Release|x86
		System|Any CPU = System|Any CPU
		System|ORBIS = System|ORBIS
		System|Win32 = System|Win32
		System|x64 = System|x64
		System|x86 = System|x86
	EndGlobalSection
	GlobalSection(ProjectConfigurationPlatforms) = postSolution
		{81B068F7-776C-429F-BB7B-5563F75F1A39}.Debug|Any CPU.ActiveCfg = Debug|Any CPU
		{81B068F7-776C-429F-BB7B-5563F75F1A39}.Debug|Any CPU.Build.0 = Debug|Any CPU
		{81B068F7-776C-429F-BB7B-5563F75F1A39}.Debug|ORBIS.ActiveCfg = Debug|Any CPU
		{81B068F7-776C-429F-BB7B-5563F75F1A39}.Debug|ORBIS.Build.0 = Debug|Any CPU
		{81B068F7-776C-429F-BB7B-5563F75F1A39}.Debug|Win32.ActiveCfg = Debug|Any CPU
		{81B068F7-776C-429F-BB7B-5563F75F1A39}.Debug|Win32.Build.0 = Debug|Any CPU
		{81B068F7-776C-429F-BB7B-5563F75F1A39}.Debug|x64.ActiveCfg = Debug|Any CPU
		{81B068F7-776C-429F-BB7B-5563F75F1A39}.Debug|x64.Build.0 = Debug|Any CPU
		{81B068F7-776C-429F-BB7B-5563F75F1A39}.Debug|x86.ActiveCfg = Debug|Any CPU
		{81B068F7-776C-429F-BB7B-5563F75F1A39}.Debug|x86.Build.0 = Debug|Any CPU
		{81B068F7-776C-429F-BB7B-5563F75F1A39}.Release|Any CPU.ActiveCfg = Release|Any CPU
		{81B068F7-776C-429F-BB7B-5563F75F1A39}.Release|Any CPU.Build.0 = Release|Any CPU
		{81B068F7-776C-429F-BB7B-5563F75F1A39}.Release|ORBIS.ActiveCfg = Release|Any CPU
		{81B068F7-776C-429F-BB7B-5563F75F1A39}.Release|ORBIS.Build.0 = Release|Any CPU
		{81B068F7-776C-429F-BB7B-5563F75F1A39}.Release|Win32.ActiveCfg = Release|Any CPU
		{81B068F7-776C-429F-BB7B-5563F75F1A39}.Release|Win32.Build.0 = Release|Any CPU
		{81B068F7-776C-429F-BB7B-5563F75F1A39}.Release|x64.ActiveCfg = Release|Any CPU
		{81B068F7-776C-429F-BB7B-5563F75F1A39}.Release|x64.Build.0 = Release|Any CPU
		{81B068F7-776C-429F-BB7B-5563F75F1A39}.Release|x86.ActiveCfg = Release|Any CPU
		{81B068F7-776C-429F-BB7B-5563F75F1A39}.Release|x86.Build.0 = Release|Any CPU
		{81B068F7-776C-429F-BB7B-5563F75F1A39}.System|Any CPU.ActiveCfg = Release|Any CPU
		{81B068F7-776C-429F-BB7B-5563F75F1A39}.System|Any CPU.Build.0 = Release|Any CPU
		{81B068F7-776C-429F-BB7B-5563F75F1A39}.System|ORBIS.ActiveCfg = Release|Any CPU
		{81B068F7-776C-429F-BB7B-5563F75F1A39}.System|ORBIS.Build.0 = Release|Any CPU
		{81B068F7-776C-429F-BB7B-5563F75F1A39}.System|Win32.ActiveCfg = Release|Any CPU
		{81B068F7-776C-429F-BB7B-5563F75F1A39}.System|Win32.Build.0 = Release|Any CPU
		{81B068F7-776C-429F-BB7B-5563F75F1A39}.System|x64.ActiveCfg = Release|Any CPU
		{81B068F7-776C-429F-BB7B-5563F75F1A39}.System|x64.Build.0 = Release|Any CPU
		{81B068F7-776C-429F-BB7B-5563F75F1A39}.System|x86.ActiveCfg = Release|Any CPU
		{81B068F7-776C-429F-BB7B-5563F75F1A39}.System|x86.Build.0 = Release|Any CPU
		{D7CFB2D5-FAC2-42D5-ABA7-81CE762575EF}.Debug|Any CPU.ActiveCfg = Debug|Any CPU
		{D7CFB2D5-FAC2-42D5-ABA7-81CE762575EF}.Debug|Any CPU.Build.0 = Debug|Any CPU
		{D7CFB2D5-FAC2-42D5-ABA7-81CE762575EF}.Debug|ORBIS.ActiveCfg = Debug|Any CPU
		{D7CFB2D5-FAC2-42D5-ABA7-81CE762575EF}.Debug|ORBIS.Build.0 = Debug|Any CPU
		{D7CFB2D5-FAC2-42D5-ABA7-81CE762575EF}.Debug|Win32.ActiveCfg = Debug|Any CPU
		{D7CFB2D5-FAC2-42D5-ABA7-81CE762575EF}.Debug|Win32.Build.0 = Debug|Any CPU
		{D7CFB2D5-FAC2-42D5-ABA7-81CE762575EF}.Debug|x64.ActiveCfg = Debug|Any CPU
		{D7CFB2D5-FAC2-42D5-ABA7-81CE762575EF}.Debug|x64.Build.0 = Debug|Any CPU
		{D7CFB2D5-FAC2-42D5-ABA7-81CE762575EF}.Debug|x86.ActiveCfg = Debug|Any CPU
		{D7CFB2D5-FAC2-42D5-ABA7-81CE762575EF}.Debug|x86.Build.0 = Debug|Any CPU
		{D7CFB2D5-FAC2-42D5-ABA7-81CE762575EF}.Release|Any CPU.ActiveCfg = Release|Any CPU
		{D7CFB2D5-FAC2-42D5-ABA7-81CE762575EF}.Release|Any CPU.Build.0 = Release|Any CPU
		{D7CFB2D5-FAC2-42D5-ABA7-81CE762575EF}.Release|ORBIS.ActiveCfg = Release|Any CPU
		{D7CFB2D5-FAC2-42D5-ABA7-81CE762575EF}.Release|ORBIS.Build.0 = Release|Any CPU
		{D7CFB2D5-FAC2-42D5-ABA7-81CE762575EF}.Release|Win32.ActiveCfg = Release|Any CPU
		{D7CFB2D5-FAC2-42D5-ABA7-81CE762575EF}.Release|Win32.Build.0 = Release|Any CPU
		{D7CFB2D5-FAC2-42D5-ABA7-81CE762575EF}.Release|x64.ActiveCfg = Release|Any CPU
		{D7CFB2D5-FAC2-42D5-ABA7-81CE762575EF}.Release|x64.Build.0 = Release|Any CPU
		{D7CFB2D5-FAC2-42D5-ABA7-81CE762575EF}.Release|x86.ActiveCfg = Release|Any CPU
		{D7CFB2D5-FAC2-42D5-ABA7-81CE762575EF}.Release|x86.Build.0 = Release|Any CPU
		{D7CFB2D5-FAC2-42D5-ABA7-81CE762575EF}.System|Any CPU.ActiveCfg = Release|Any CPU
		{D7CFB2D5-FAC2-42D5-ABA7-81CE762575EF}.System|Any CPU.Build.0 = Release|Any CPU
		{D7CFB2D5-FAC2-42D5-ABA7-81CE762575EF}.System|ORBIS.ActiveCfg = Release|Any CPU
		{D7CFB2D5-FAC2-42D5-ABA7-81CE762575EF}.System|ORBIS.Build.0 = Release|Any CPU
		{D7CFB2D5-FAC2-42D5-ABA7-81CE762575EF}.System|Win32.ActiveCfg = Release|Any CPU
		{D7CFB2D5-FAC2-42D5-ABA7-81CE762575EF}.System|Win32.Build.0 = Release|Any CPU
		{D7CFB2D5-FAC2-42D5-ABA7-81CE762575EF}.System|x64.ActiveCfg = Release|Any CPU
		{D7CFB2D5-FAC2-42D5-ABA7-81CE762575EF}.System|x64.Build.0 = Release|Any CPU
		{D7CFB2D5-FAC2-42D5-ABA7-81CE762575EF}.System|x86.ActiveCfg = Release|Any CPU
		{D7CFB2D5-FAC2-42D5-ABA7-81CE762575EF}.System|x86.Build.0 = Release|Any CPU
		{0978D0B2-FFA5-42B2-81AC-0CFD85DE9184}.Debug|Any CPU.ActiveCfg = Debug|x86
		{0978D0B2-FFA5-42B2-81AC-0CFD85DE9184}.Debug|Any CPU.Build.0 = Debug|x86
		{0978D0B2-FFA5-42B2-81AC-0CFD85DE9184}.Debug|ORBIS.ActiveCfg = Debug|x86
		{0978D0B2-FFA5-42B2-81AC-0CFD85DE9184}.Debug|Win32.ActiveCfg = Debug|x86
		{0978D0B2-FFA5-42B2-81AC-0CFD85DE9184}.Debug|Win32.Build.0 = Debug|x86
		{0978D0B2-FFA5-42B2-81AC-0CFD85DE9184}.Debug|x64.ActiveCfg = Debug|x86
		{0978D0B2-FFA5-42B2-81AC-0CFD85DE9184}.Debug|x64.Build.0 = Debug|x86
		{0978D0B2-FFA5-42B2-81AC-0CFD85DE9184}.Debug|x86.ActiveCfg = Debug|x86
		{0978D0B2-FFA5-42B2-81AC-0CFD85DE9184}.Debug|x86.Build.0 = Debug|x86
		{0978D0B2-FFA5-42B2-81AC-0CFD85DE9184}.Release|Any CPU.ActiveCfg = Release|x86
		{0978D0B2-FFA5-42B2-81AC-0CFD85DE9184}.Release|Any CPU.Build.0 = Release|x86
		{0978D0B2-FFA5-42B2-81AC-0CFD85DE9184}.Release|ORBIS.ActiveCfg = Release|x86
		{0978D0B2-FFA5-42B2-81AC-0CFD85DE9184}.Release|Win32.ActiveCfg = Release|x86
		{0978D0B2-FFA5-42B2-81AC-0CFD85DE9184}.Release|Win32.Build.0 = Release|x86
		{0978D0B2-FFA5-42B2-81AC-0CFD85DE9184}.Release|x64.ActiveCfg = Release|x86
		{0978D0B2-FFA5-42B2-81AC-0CFD85DE9184}.Release|x64.Build.0 = Release|x86
		{0978D0B2-FFA5-42B2-81AC-0CFD85DE9184}.Release|x86.ActiveCfg = Release|x86
		{0978D0B2-FFA5-42B2-81AC-0CFD85DE9184}.Release|x86.Build.0 = Release|x86
		{0978D0B2-FFA5-42B2-81AC-0CFD85DE9184}.System|Any CPU.ActiveCfg = Release|x86
		{0978D0B2-FFA5-42B2-81AC-0CFD85DE9184}.System|Any CPU.Build.0 = Release|x86
		{0978D0B2-FFA5-42B2-81AC-0CFD85DE9184}.System|ORBIS.ActiveCfg = Release|x86
		{0978D0B2-FFA5-42B2-81AC-0CFD85DE9184}.System|ORBIS.Build.0 = Release|x86
		{0978D0B2-FFA5-42B2-81AC-0CFD85DE9184}.System|Win32.ActiveCfg = Release|x86
		{0978D0B2-FFA5-42B2-81AC-0CFD85DE9184}.System|Win32.Build.0 = Release|x86
		{0978D0B2-FFA5-42B2-81AC-0CFD85DE9184}.System|x64.ActiveCfg = Release|x86
		{0978D0B2-FFA5-42B2-81AC-0CFD85DE9184}.System|x64.Build.0 = Release|x86
		{0978D0B2-FFA5-42B2-81AC-0CFD85DE9184}.System|x86.ActiveCfg = Release|x86
		{0978D0B2-FFA5-42B2-81AC-0CFD85DE9184}.System|x86.Build.0 = Release|x86
		{A37095E9-80BD-4A6B-AF8B-33D278CF92F3}.Debug|Any CPU.ActiveCfg = Debug|x86
		{A37095E9-80BD-4A6B-AF8B-33D278CF92F3}.Debug|Any CPU.Build.0 = Debug|x86
		{A37095E9-80BD-4A6B-AF8B-33D278CF92F3}.Debug|ORBIS.ActiveCfg = Debug|x86
		{A37095E9-80BD-4A6B-AF8B-33D278CF92F3}.Debug|Win32.ActiveCfg = Debug|x86
		{A37095E9-80BD-4A6B-AF8B-33D278CF92F3}.Debug|Win32.Build.0 = Debug|x86
		{A37095E9-80BD-4A6B-AF8B-33D278CF92F3}.Debug|x64.ActiveCfg = Debug|x86
		{A37095E9-80BD-4A6B-AF8B-33D278CF92F3}.Debug|x64.Build.0 = Debug|x86
		{A37095E9-80BD-4A6B-AF8B-33D278CF92F3}.Debug|x86.ActiveCfg = Debug|x86
		{A37095E9-80BD-4A6B-AF8B-33D278CF92F3}.Debug|x86.Build.0 = Debug|x86
		{A37095E9-80BD-4A6B-AF8B-33D278CF92F3}.Release|Any CPU.ActiveCfg = Release|x86
		{A37095E9-80BD-4A6B-AF8B-33D278CF92F3}.Release|Any CPU.Build.0 = Release|x86
		{A37095E9-80BD-4A6B-AF8B-33D278CF92F3}.Release|ORBIS.ActiveCfg = Release|x86
		{A37095E9-80BD-4A6B-AF8B-33D278CF92F3}.Release|Win32.ActiveCfg = Release|x86
		{A37095E9-80BD-4A6B-AF8B-33D278CF92F3}.Release|Win32.Build.0 = Release|x86
		{A37095E9-80BD-4A6B-AF8B-33D278CF92F3}.Release|x64.ActiveCfg = Release|x86
		{A37095E9-80BD-4A6B-AF8B-33D278CF92F3}.Release|x64.Build.0 = Release|x86
		{A37095E9-80BD-4A6B-AF8B-33D278CF92F3}.Release|x86.ActiveCfg = Release|x86
		{A37095E9-80BD-4A6B-AF8B-33D278CF92F3}.Release|x86.Build.0 = Release|x86
		{A37095E9-80BD-4A6B-AF8B-33D278CF92F3}.System|Any CPU.ActiveCfg = Release|x86
		{A37095E9-80BD-4A6B-AF8B-33D278CF92F3}.System|Any CPU.Build.0 = Release|x86
		{A37095E9-80BD-4A6B-AF8B-33D278CF92F3}.System|ORBIS.ActiveCfg = Release|x86
		{A37095E9-80BD-4A6B-AF8B-33D278CF92F3}.System|ORBIS.Build.0 = Release|x86
		{A37095E9-80BD-4A6B-AF8B-33D278CF92F3}.System|Win32.ActiveCfg = Release|x86
		{A37095E9-80BD-4A6B-AF8B-33D278CF92F3}.System|Win32.Build.0 = Release|x86
		{A37095E9-80BD-4A6B-AF8B-33D278CF92F3}.System|x64.ActiveCfg = Release|x86
		{A37095E9-80BD-4A6B-AF8B-33D278CF92F3}.System|x64.Build.0 = Release|x86
		{A37095E9-80BD-4A6B-AF8B-33D278CF92F3}.System|x86.ActiveCfg = Release|x86
		{A37095E9-80BD-4A6B-AF8B-33D278CF92F3}.System|x86.Build.0 = Release|x86
		{33C378F9-36C5-4C2C-8350-FD1C8DD5AB66}.Debug|Any CPU.ActiveCfg = Debug|Any CPU
		{33C378F9-36C5-4C2C-8350-FD1C8DD5AB66}.Debug|Any CPU.Build.0 = Debug|Any CPU
		{33C378F9-36C5-4C2C-8350-FD1C8DD5AB66}.Debug|ORBIS.ActiveCfg = Debug|Any CPU
		{33C378F9-36C5-4C2C-8350-FD1C8DD5AB66}.Debug|ORBIS.Build.0 = Debug|Any CPU
		{33C378F9-36C5-4C2C-8350-FD1C8DD5AB66}.Debug|Win32.ActiveCfg = Debug|Any CPU
		{33C378F9-36C5-4C2C-8350-FD1C8DD5AB66}.Debug|Win32.Build.0 = Debug|Any CPU
		{33C378F9-36C5-4C2C-8350-FD1C8DD5AB66}.Debug|x64.ActiveCfg = Debug|Any CPU
		{33C378F9-36C5-4C2C-8350-FD1C8DD5AB66}.Debug|x64.Build.0 = Debug|Any CPU
		{33C378F9-36C5-4C2C-8350-FD1C8DD5AB66}.Debug|x86.ActiveCfg = Debug|Any CPU
		{33C378F9-36C5-4C2C-8350-FD1C8DD5AB66}.Debug|x86.Build.0 = Debug|Any CPU
		{33C378F9-36C5-4C2C-8350-FD1C8DD5AB66}.Release|Any CPU.ActiveCfg = Release|Any CPU
		{33C378F9-36C5-4C2C-8350-FD1C8DD5AB66}.Release|Any CPU.Build.0 = Release|Any CPU
		{33C378F9-36C5-4C2C-8350-FD1C8DD5AB66}.Release|ORBIS.ActiveCfg = Release|Any CPU
		{33C378F9-36C5-4C2C-8350-FD1C8DD5AB66}.Release|ORBIS.Build.0 = Release|Any CPU
		{33C378F9-36C5-4C2C-8350-FD1C8DD5AB66}.Release|Win32.ActiveCfg = Release|Any CPU
		{33C378F9-36C5-4C2C-8350-FD1C8DD5AB66}.Release|Win32.Build.0 = Release|Any CPU
		{33C378F9-36C5-4C2C-8350-FD1C8DD5AB66}.Release|x64.ActiveCfg = Release|Any CPU
		{33C378F9-36C5-4C2C-8350-FD1C8DD5AB66}.Release|x64.Build.0 = Release|Any CPU
		{33C378F9-36C5-4C2C-8350-FD1C8DD5AB66}.Release|x86.ActiveCfg = Release|Any CPU
		{33C378F9-36C5-4C2C-8350-FD1C8DD5AB66}.Release|x86.Build.0 = Release|Any CPU
		{33C378F9-36C5-4C2C-8350-FD1C8DD5AB66}.System|Any CPU.ActiveCfg = Release|Any CPU
		{33C378F9-36C5-4C2C-8350-FD1C8DD5AB66}.System|Any CPU.Build.0 = Release|Any CPU
		{33C378F9-36C5-4C2C-8350-FD1C8DD5AB66}.System|ORBIS.ActiveCfg = Release|Any CPU
		{33C378F9-36C5-4C2C-8350-FD1C8DD5AB66}.System|ORBIS.Build.0 = Release|Any CPU
		{33C378F9-36C5-4C2C-8350-FD1C8DD5AB66}.System|Win32.ActiveCfg = Release|Any CPU
		{33C378F9-36C5-4C2C-8350-FD1C8DD5AB66}.System|Win32.Build.0 = Release|Any CPU
		{33C378F9-36C5-4C2C-8350-FD1C8DD5AB66}.System|x64.ActiveCfg = Release|Any CPU
		{33C378F9-36C5-4C2C-8350-FD1C8DD5AB66}.System|x64.Build.0 = Release|Any CPU
		{33C378F9-36C5-4C2C-8350-FD1C8DD5AB66}.System|x86.ActiveCfg = Release|Any CPU
		{33C378F9-36C5-4C2C-8350-FD1C8DD5AB66}.System|x86.Build.0 = Release|Any CPU
		{53869FE9-BAFF-4FED-B8E3-20660865426C}.Debug|Any CPU.ActiveCfg = Debug|Any CPU
		{53869FE9-BAFF-4FED-B8E3-20660865426C}.Debug|Any CPU.Build.0 = Debug|Any CPU
		{53869FE9-BAFF-4FED-B8E3-20660865426C}.Debug|ORBIS.ActiveCfg = Debug|Any CPU
		{53869FE9-BAFF-4FED-B8E3-20660865426C}.Debug|ORBIS.Build.0 = Debug|Any CPU
		{53869FE9-BAFF-4FED-B8E3-20660865426C}.Debug|Win32.ActiveCfg = Debug|Any CPU
		{53869FE9-BAFF-4FED-B8E3-20660865426C}.Debug|Win32.Build.0 = Debug|Any CPU
		{53869FE9-BAFF-4FED-B8E3-20660865426C}.Debug|x64.ActiveCfg = Debug|Any CPU
		{53869FE9-BAFF-4FED-B8E3-20660865426C}.Debug|x64.Build.0 = Debug|Any CPU
		{53869FE9-BAFF-4FED-B8E3-20660865426C}.Debug|x86.ActiveCfg = Debug|Any CPU
		{53869FE9-BAFF-4FED-B8E3-20660865426C}.Debug|x86.Build.0 = Debug|Any CPU
		{53869FE9-BAFF-4FED-B8E3-20660865426C}.Release|Any CPU.ActiveCfg = Release|Any CPU
		{53869FE9-BAFF-4FED-B8E3-20660865426C}.Release|Any CPU.Build.0 = Release|Any CPU
		{53869FE9-BAFF-4FED-B8E3-20660865426C}.Release|ORBIS.ActiveCfg = Release|Any CPU
		{53869FE9-BAFF-4FED-B8E3-20660865426C}.Release|ORBIS.Build.0 = Release|Any CPU
		{53869FE9-BAFF-4FED-B8E3-20660865426C}.Release|Win32.ActiveCfg = Release|Any CPU
		{53869FE9-BAFF-4FED-B8E3-20660865426C}.Release|Win32.Build.0 = Release|Any CPU
		{53869FE9-BAFF-4FED-B8E3-20660865426C}.Release|x64.ActiveCfg = Release|Any CPU
		{53869FE9-BAFF-4FED-B8E3-20660865426C}.Release|x64.Build.0 = Release|Any CPU
		{53869FE9-BAFF-4FED-B8E3-20660865426C}.Release|x86.ActiveCfg = Release|Any CPU
		{53869FE9-BAFF-4FED-B8E3-20660865426C}.Release|x86.Build.0 = Release|Any CPU
		{53869FE9-BAFF-4FED-B8E3-20660865426C}.System|Any CPU.ActiveCfg = Release|Any CPU
		{53869FE9-BAFF-4FED-B8E3-20660865426C}.System|Any CPU.Build.0 = Release|Any CPU
		{53869FE9-BAFF-4FED-B8E3-20660865426C}.System|ORBIS.ActiveCfg = Release|Any CPU
		{53869FE9-BAFF-4FED-B8E3-20660865426C}.System|ORBIS.Build.0 = Release|Any CPU
		{53869FE9-BAFF-4FED-B8E3-20660865426C}.System|Win32.ActiveCfg = Release|Any CPU
		{53869FE9-BAFF-4FED-B8E3-20660865426C}.System|Win32.Build.0 = Release|Any CPU
		{53869FE9-BAFF-4FED-B8E3-20660865426C}.System|x64.ActiveCfg = Release|Any CPU
		{53869FE9-BAFF-4FED-B8E3-20660865426C}.System|x64.Build.0 = Release|Any CPU
		{53869FE9-BAFF-4FED-B8E3-20660865426C}.System|x86.ActiveCfg = Release|Any CPU
		{53869FE9-BAFF-4FED-B8E3-20660865426C}.System|x86.Build.0 = Release|Any CPU
		{90180080-9585-499C-99A8-6F4D1725CAF4}.Debug|Any CPU.ActiveCfg = Debug|Any CPU
		{90180080-9585-499C-99A8-6F4D1725CAF4}.Debug|Any CPU.Build.0 = Debug|Any CPU
		{90180080-9585-499C-99A8-6F4D1725CAF4}.Debug|ORBIS.ActiveCfg = Debug|Any CPU
		{90180080-9585-499C-99A8-6F4D1725CAF4}.Debug|ORBIS.Build.0 = Debug|Any CPU
		{90180080-9585-499C-99A8-6F4D1725CAF4}.Debug|Win32.ActiveCfg = Debug|Any CPU
		{90180080-9585-499C-99A8-6F4D1725CAF4}.Debug|Win32.Build.0 = Debug|Any CPU
		{90180080-9585-499C-99A8-6F4D1725CAF4}.Debug|x64.ActiveCfg = Debug|Any CPU
		{90180080-9585-499C-99A8-6F4D1725CAF4}.Debug|x64.Build.0 = Debug|Any CPU
		{90180080-9585-499C-99A8-6F4D1725CAF4}.Debug|x86.ActiveCfg = Debug|Any CPU
		{90180080-9585-499C-99A8-6F4D1725CAF4}.Debug|x86.Build.0 = Debug|Any CPU
		{90180080-9585-499C-99A8-6F4D1725CAF4}.Release|Any CPU.ActiveCfg = Release|Any CPU
		{90180080-9585-499C-99A8-6F4D1725CAF4}.Release|Any CPU.Build.0 = Release|Any CPU
		{90180080-9585-499C-99A8-6F4D1725CAF4}.Release|ORBIS.ActiveCfg = Release|Any CPU
		{90180080-9585-499C-99A8-6F4D1725CAF4}.Release|ORBIS.Build.0 = Release|Any CPU
		{90180080-9585-499C-99A8-6F4D1725CAF4}.Release|Win32.ActiveCfg = Release|Any CPU
		{90180080-9585-499C-99A8-6F4D1725CAF4}.Release|Win32.Build.0 = Release|Any CPU
		{90180080-9585-499C-99A8-6F4D1725CAF4}.Release|x64.ActiveCfg = Release|Any CPU
		{90180080-9585-499C-99A8-6F4D1725CAF4}.Release|x64.Build.0 = Release|Any CPU
		{90180080-9585-499C-99A8-6F4D1725CAF4}.Release|x86.ActiveCfg = Release|Any CPU
		{90180080-9585-499C-99A8-6F4D1725CAF4}.Release|x86.Build.0 = Release|Any CPU
		{90180080-9585-499C-99A8-6F4D1725CAF4}.System|Any CPU.ActiveCfg = Release|Any CPU
		{90180080-9585-499C-99A8-6F4D1725CAF4}.System|Any CPU.Build.0 = Release|Any CPU
		{90180080-9585-499C-99A8-6F4D1725CAF4}.System|ORBIS.ActiveCfg = Release|Any CPU
		{90180080-9585-499C-99A8-6F4D1725CAF4}.System|ORBIS.Build.0 = Release|Any CPU
		{90180080-9585-499C-99A8-6F4D1725CAF4}.System|Win32.ActiveCfg = Release|Any CPU
		{90180080-9585-499C-99A8-6F4D1725CAF4}.System|Win32.Build.0 = Release|Any CPU
		{90180080-9585-499C-99A8-6F4D1725CAF4}.System|x64.ActiveCfg = Release|Any CPU
		{90180080-9585-499C-99A8-6F4D1725CAF4}.System|x64.Build.0 = Release|Any CPU
		{90180080-9585-499C-99A8-6F4D1725CAF4}.System|x86.ActiveCfg = Release|Any CPU
		{90180080-9585-499C-99A8-6F4D1725CAF4}.System|x86.Build.0 = Release|Any CPU
		{844B2DDC-FF09-4DE0-8198-9A437F52C284}.Debug|Any CPU.ActiveCfg = Debug|Any CPU
		{844B2DDC-FF09-4DE0-8198-9A437F52C284}.Debug|Any CPU.Build.0 = Debug|Any CPU
		{844B2DDC-FF09-4DE0-8198-9A437F52C284}.Debug|ORBIS.ActiveCfg = Debug|Any CPU
		{844B2DDC-FF09-4DE0-8198-9A437F52C284}.Debug|ORBIS.Build.0 = Debug|Any CPU
		{844B2DDC-FF09-4DE0-8198-9A437F52C284}.Debug|Win32.ActiveCfg = Debug|Any CPU
		{844B2DDC-FF09-4DE0-8198-9A437F52C284}.Debug|Win32.Build.0 = Debug|Any CPU
		{844B2DDC-FF09-4DE0-8198-9A437F52C284}.Debug|x64.ActiveCfg = Debug|Any CPU
		{844B2DDC-FF09-4DE0-8198-9A437F52C284}.Debug|x64.Build.0 = Debug|Any CPU
		{844B2DDC-FF09-4DE0-8198-9A437F52C284}.Debug|x86.ActiveCfg = Debug|Any CPU
		{844B2DDC-FF09-4DE0-8198-9A437F52C284}.Debug|x86.Build.0 = Debug|Any CPU
		{844B2DDC-FF09-4DE0-8198-9A437F52C284}.Release|Any CPU.ActiveCfg = Release|Any CPU
		{844B2DDC-FF09-4DE0-8198-9A437F52C284}.Release|Any CPU.Build.0 = Release|Any CPU
		{844B2DDC-FF09-4DE0-8198-9A437F52C284}.Release|ORBIS.ActiveCfg = Release|Any CPU
		{844B2DDC-FF09-4DE0-8198-9A437F52C284}.Release|ORBIS.Build.0 = Release|Any CPU
		{844B2DDC-FF09-4DE0-8198-9A437F52C284}.Release|Win32.ActiveCfg = Release|Any CPU
		{844B2DDC-FF09-4DE0-8198-9A437F52C284}.Release|Win32.Build.0 = Release|Any CPU
		{844B2DDC-FF09-4DE0-8198-9A437F52C284}.Release|x64.ActiveCfg = Release|Any CPU
		{844B2DDC-FF09-4DE0-8198-9A437F52C284}.Release|x64.Build.0 = Release|Any CPU
		{844B2DDC-FF09-4DE0-8198-9A437F52C284}.Release|x86.ActiveCfg = Release|Any CPU
		{844B2DDC-FF09-4DE0-8198-9A437F52C284}.Release|x86.Build.0 = Release|Any CPU
		{844B2DDC-FF09-4DE0-8198-9A437F52C284}.System|Any CPU.ActiveCfg = Release|Any CPU
		{844B2DDC-FF09-4DE0-8198-9A437F52C284}.System|Any CPU.Build.0 = Release|Any CPU
		{844B2DDC-FF09-4DE0-8198-9A437F52C284}.System|ORBIS.ActiveCfg = Release|Any CPU
		{844B2DDC-FF09-4DE0-8198-9A437F52C284}.System|ORBIS.Build.0 = Release|Any CPU
		{844B2DDC-FF09-4DE0-8198-9A437F52C284}.System|Win32.ActiveCfg = Release|Any CPU
		{844B2DDC-FF09-4DE0-8198-9A437F52C284}.System|Win32.Build.0 = Release|Any CPU
		{844B2DDC-FF09-4DE0-8198-9A437F52C284}.System|x64.ActiveCfg = Release|Any CPU
		{844B2DDC-FF09-4DE0-8198-9A437F52C284}.System|x64.Build.0 = Release|Any CPU
		{844B2DDC-FF09-4DE0-8198-9A437F52C284}.System|x86.ActiveCfg = Release|Any CPU
		{844B2DDC-FF09-4DE0-8198-9A437F52C284}.System|x86.Build.0 = Release|Any CPU
		{5089A08B-2E32-4E3E-9342-11CFBEC8A5E7}.Debug|Any CPU.ActiveCfg = Debug|Any CPU
		{5089A08B-2E32-4E3E-9342-11CFBEC8A5E7}.Debug|Any CPU.Build.0 = Debug|Any CPU
		{5089A08B-2E32-4E3E-9342-11CFBEC8A5E7}.Debug|ORBIS.ActiveCfg = Debug|Any CPU
		{5089A08B-2E32-4E3E-9342-11CFBEC8A5E7}.Debug|ORBIS.Build.0 = Debug|Any CPU
		{5089A08B-2E32-4E3E-9342-11CFBEC8A5E7}.Debug|Win32.ActiveCfg = Debug|Any CPU
		{5089A08B-2E32-4E3E-9342-11CFBEC8A5E7}.Debug|Win32.Build.0 = Debug|Any CPU
		{5089A08B-2E32-4E3E-9342-11CFBEC8A5E7}.Debug|x64.ActiveCfg = Debug|Any CPU
		{5089A08B-2E32-4E3E-9342-11CFBEC8A5E7}.Debug|x64.Build.0 = Debug|Any CPU
		{5089A08B-2E32-4E3E-9342-11CFBEC8A5E7}.Debug|x86.ActiveCfg = Debug|Any CPU
		{5089A08B-2E32-4E3E-9342-11CFBEC8A5E7}.Debug|x86.Build.0 = Debug|Any CPU
		{5089A08B-2E32-4E3E-9342-11CFBEC8A5E7}.Release|Any CPU.ActiveCfg = Release|Any CPU
		{5089A08B-2E32-4E3E-9342-11CFBEC8A5E7}.Release|Any CPU.Build.0 = Release|Any CPU
		{5089A08B-2E32-4E3E-9342-11CFBEC8A5E7}.Release|ORBIS.ActiveCfg = Release|Any CPU
		{5089A08B-2E32-4E3E-9342-11CFBEC8A5E7}.Release|ORBIS.Build.0 = Release|Any CPU
		{5089A08B-2E32-4E3E-9342-11CFBEC8A5E7}.Release|Win32.ActiveCfg = Release|Any CPU
		{5089A08B-2E32-4E3E-9342-11CFBEC8A5E7}.Release|Win32.Build.0 = Release|Any CPU
		{5089A08B-2E32-4E3E-9342-11CFBEC8A5E7}.Release|x64.ActiveCfg = Release|Any CPU
		{5089A08B-2E32-4E3E-9342-11CFBEC8A5E7}.Release|x64.Build.0 = Release|Any CPU
		{5089A08B-2E32-4E3E-9342-11CFBEC8A5E7}.Release|x86.ActiveCfg = Release|Any CPU
		{5089A08B-2E32-4E3E-9342-11CFBEC8A5E7}.Release|x86.Build.0 = Release|Any CPU
		{5089A08B-2E32-4E3E-9342-11CFBEC8A5E7}.System|Any CPU.ActiveCfg = Release|Any CPU
		{5089A08B-2E32-4E3E-9342-11CFBEC8A5E7}.System|Any CPU.Build.0 = Release|Any CPU
		{5089A08B-2E32-4E3E-9342-11CFBEC8A5E7}.System|ORBIS.ActiveCfg = Release|Any CPU
		{5089A08B-2E32-4E3E-9342-11CFBEC8A5E7}.System|ORBIS.Build.0 = Release|Any CPU
		{5089A08B-2E32-4E3E-9342-11CFBEC8A5E7}.System|Win32.ActiveCfg = Release|Any CPU
		{5089A08B-2E32-4E3E-9342-11CFBEC8A5E7}.System|Win32.Build.0 = Release|Any CPU
		{5089A08B-2E32-4E3E-9342-11CFBEC8A5E7}.System|x64.ActiveCfg = Release|Any CPU
		{5089A08B-2E32-4E3E-9342-11CFBEC8A5E7}.System|x64.Build.0 = Release|Any CPU
		{5089A08B-2E32-4E3E-9342-11CFBEC8A5E7}.System|x86.ActiveCfg = Release|Any CPU
		{5089A08B-2E32-4E3E-9342-11CFBEC8A5E7}.System|x86.Build.0 = Release|Any CPU
		{651F3171-1D5E-4BA2-8BC7-B057398CBA02}.Debug|Any CPU.ActiveCfg = Debug|Any CPU
		{651F3171-1D5E-4BA2-8BC7-B057398CBA02}.Debug|Any CPU.Build.0 = Debug|Any CPU
		{651F3171-1D5E-4BA2-8BC7-B057398CBA02}.Debug|ORBIS.ActiveCfg = Debug|Any CPU
		{651F3171-1D5E-4BA2-8BC7-B057398CBA02}.Debug|ORBIS.Build.0 = Debug|Any CPU
		{651F3171-1D5E-4BA2-8BC7-B057398CBA02}.Debug|Win32.ActiveCfg = Debug|Any CPU
		{651F3171-1D5E-4BA2-8BC7-B057398CBA02}.Debug|Win32.Build.0 = Debug|Any CPU
		{651F3171-1D5E-4BA2-8BC7-B057398CBA02}.Debug|x64.ActiveCfg = Debug|Any CPU
		{651F3171-1D5E-4BA2-8BC7-B057398CBA02}.Debug|x64.Build.0 = Debug|Any CPU
		{651F3171-1D5E-4BA2-8BC7-B057398CBA02}.Debug|x86.ActiveCfg = Debug|Any CPU
		{651F3171-1D5E-4BA2-8BC7-B057398CBA02}.Debug|x86.Build.0 = Debug|Any CPU
		{651F3171-1D5E-4BA2-8BC7-B057398CBA02}.Release|Any CPU.ActiveCfg = Release|Any CPU
		{651F3171-1D5E-4BA2-8BC7-B057398CBA02}.Release|Any CPU.Build.0 = Release|Any CPU
		{651F3171-1D5E-4BA2-8BC7-B057398CBA02}.Release|ORBIS.ActiveCfg = Release|Any CPU
		{651F3171-1D5E-4BA2-8BC7-B057398CBA02}.Release|ORBIS.Build.0 = Release|Any CPU
		{651F3171-1D5E-4BA2-8BC7-B057398CBA02}.Release|Win32.ActiveCfg = Release|Any CPU
		{651F3171-1D5E-4BA2-8BC7-B057398CBA02}.Release|Win32.Build.0 = Release|Any CPU
		{651F3171-1D5E-4BA2-8BC7-B057398CBA02}.Release|x64.ActiveCfg = Release|Any CPU
		{651F3171-1D5E-4BA2-8BC7-B057398CBA02}.Release|x64.Build.0 = Release|Any CPU
		{651F3171-1D5E-4BA2-8BC7-B057398CBA02}.Release|x86.ActiveCfg = Release|Any CPU
		{651F3171-1D5E-4BA2-8BC7-B057398CBA02}.Release|x86.Build.0 = Release|Any CPU
		{651F3171-1D5E-4BA2-8BC7-B057398CBA02}.System|Any CPU.ActiveCfg = System|Any CPU
		{651F3171-1D5E-4BA2-8BC7-B057398CBA02}.System|Any CPU.Build.0 = System|Any CPU
		{651F3171-1D5E-4BA2-8BC7-B057398CBA02}.System|ORBIS.ActiveCfg = System|Any CPU
		{651F3171-1D5E-4BA2-8BC7-B057398CBA02}.System|ORBIS.Build.0 = System|Any CPU
		{651F3171-1D5E-4BA2-8BC7-B057398CBA02}.System|Win32.ActiveCfg = System|Any CPU
		{651F3171-1D5E-4BA2-8BC7-B057398CBA02}.System|Win32.Build.0 = System|Any CPU
		{651F3171-1D5E-4BA2-8BC7-B057398CBA02}.System|x64.ActiveCfg = System|Any CPU
		{651F3171-1D5E-4BA2-8BC7-B057398CBA02}.System|x64.Build.0 = System|Any CPU
		{651F3171-1D5E-4BA2-8BC7-B057398CBA02}.System|x86.ActiveCfg = System|Any CPU
		{651F3171-1D5E-4BA2-8BC7-B057398CBA02}.System|x86.Build.0 = System|Any CPU
	EndGlobalSection
	GlobalSection(SolutionProperties) = preSolution
		HideSolutionNode = FALSE
	EndGlobalSection
	GlobalSection(NestedProjects) = preSolution
		{72E29C1E-8723-4885-A5ED-BD3A929D81B6} = {8F0E1457-FB1E-47A4-9DA8-74A6B757CAA4}
		{81B068F7-776C-429F-BB7B-5563F75F1A39} = {8F0E1457-FB1E-47A4-9DA8-74A6B757CAA4}
		{6046C772-BE17-4BC8-A362-AD8C77F9178E} = {8F0E1457-FB1E-47A4-9DA8-74A6B757CAA4}
		{D7CFB2D5-FAC2-42D5-ABA7-81CE762575EF} = {8F0E1457-FB1E-47A4-9DA8-74A6B757CAA4}
		{0978D0B2-FFA5-42B2-81AC-0CFD85DE9184} = {6046C772-BE17-4BC8-A362-AD8C77F9178E}
		{A37095E9-80BD-4A6B-AF8B-33D278CF92F3} = {6046C772-BE17-4BC8-A362-AD8C77F9178E}
		{33C378F9-36C5-4C2C-8350-FD1C8DD5AB66} = {6046C772-BE17-4BC8-A362-AD8C77F9178E}
		{53869FE9-BAFF-4FED-B8E3-20660865426C} = {8F0E1457-FB1E-47A4-9DA8-74A6B757CAA4}
		{90180080-9585-499C-99A8-6F4D1725CAF4} = {8F0E1457-FB1E-47A4-9DA8-74A6B757CAA4}
		{844B2DDC-FF09-4DE0-8198-9A437F52C284} = {8F0E1457-FB1E-47A4-9DA8-74A6B757CAA4}
		{5089A08B-2E32-4E3E-9342-11CFBEC8A5E7} = {72E29C1E-8723-4885-A5ED-BD3A929D81B6}
		{651F3171-1D5E-4BA2-8BC7-B057398CBA02} = {72E29C1E-8723-4885-A5ED-BD3A929D81B6}
	EndGlobalSection
	GlobalSection(ExtensibilityGlobals) = postSolution
		SolutionGuid = {4B6EE1D0-5ADF-44A2-B6EE-E5C8E110EE47}
	EndGlobalSection
EndGlobal
